
Microsoft Visual Studio Solution File, Format Version 12.00
Project("{FAE04EC0-301F-11D3-BF4B-00C04F79EFBC}") = "WordleNet", "WordleNet.csproj", "{9B483978-CD0C-4F57-B18C-864917B6C523}"
EndProject
Global
	GlobalSection(SolutionConfigurationPlatforms) = preSolution
		Debug|Any CPU = Debug|Any CPU
		Release|Any CPU = Release|Any CPU
	EndGlobalSection
	GlobalSection(ProjectConfigurationPlatforms) = postSolution
		{9B483978-CD0C-4F57-B18C-864917B6C523}.Debug|Any CPU.ActiveCfg = Debug|Any CPU
		{9B483978-CD0C-4F57-B18C-864917B6C523}.Debug|Any CPU.Build.0 = Debug|Any CPU
		{9B483978-CD0C-4F57-B18C-864917B6C523}.Release|Any CPU.ActiveCfg = Release|Any CPU
		{9B483978-CD0C-4F57-B18C-864917B6C523}.Release|Any CPU.Build.0 = Release|Any CPU
	EndGlobalSection
EndGlobal
